
Microsoft Visual Studio Solution File, Format Version 12.00
# Visual Studio Version 17
VisualStudioVersion = 17.14.36511.14 d17.14
MinimumVisualStudioVersion = 10.0.40219.1
Project("{8BC9CEB8-8B4A-11D0-8D11-00A0C91BC942}") = "lab5.1test", "lab5.1test.vcxproj", "{A76329DF-DBD1-FBFB-918D-1CD76879443B}"
EndProject
Project("{8BC9CEB8-8B4A-11D0-8D11-00A0C91BC942}") = "lab5.1", "..\lab5.1.vcxproj", "{A865F89C-BE0C-4EFE-92BF-9B2FE1AAD714}"
EndProject
Global
	GlobalSection(SolutionConfigurationPlatforms) = preSolution
		Debug|x64 = Debug|x64
		Debug|x86 = Debug|x86
		Release|x64 = Release|x64
		Release|x86 = Release|x86
	EndGlobalSection
	GlobalSection(ProjectConfigurationPlatforms) = postSolution
		{A76329DF-DBD1-FBFB-918D-1CD76879443B}.Debug|x64.ActiveCfg = Debug|x64
		{A76329DF-DBD1-FBFB-918D-1CD76879443B}.Debug|x64.Build.0 = Debug|x64
		{A76329DF-DBD1-FBFB-918D-1CD76879443B}.Debug|x86.ActiveCfg = Debug|Win32
		{A76329DF-DBD1-FBFB-918D-1CD76879443B}.Debug|x86.Build.0 = Debug|Win32
		{A76329DF-DBD1-FBFB-918D-1CD76879443B}.Release|x64.ActiveCfg = Release|x64
		{A76329DF-DBD1-FBFB-918D-1CD76879443B}.Release|x64.Build.0 = Release|x64
		{A76329DF-DBD1-FBFB-918D-1CD76879443B}.Release|x86.ActiveCfg = Release|Win32
		{A76329DF-DBD1-FBFB-918D-1CD76879443B}.Release|x86.Build.0 = Release|Win32
		{A865F89C-BE0C-4EFE-92BF-9B2FE1AAD714}.Debug|x64.ActiveCfg = Debug|x64
		{A865F89C-BE0C-4EFE-92BF-9B2FE1AAD714}.Debug|x64.Build.0 = Debug|x64
		{A865F89C-BE0C-4EFE-92BF-9B2FE1AAD714}.Debug|x86.ActiveCfg = Debug|Win32
		{A865F89C-BE0C-4EFE-92BF-9B2FE1AAD714}.Debug|x86.Build.0 = Debug|Win32
		{A865F89C-BE0C-4EFE-92BF-9B2FE1AAD714}.Release|x64.ActiveCfg = Release|x64
		{A865F89C-BE0C-4EFE-92BF-9B2FE1AAD714}.Release|x64.Build.0 = Release|x64
		{A865F89C-BE0C-4EFE-92BF-9B2FE1AAD714}.Release|x86.ActiveCfg = Release|Win32
		{A865F89C-BE0C-4EFE-92BF-9B2FE1AAD714}.Release|x86.Build.0 = Release|Win32
	EndGlobalSection
	GlobalSection(SolutionProperties) = preSolution
		HideSolutionNode = FALSE
	EndGlobalSection
	GlobalSection(ExtensibilityGlobals) = postSolution
		SolutionGuid = {C0772E27-8CAE-41E4-96E4-F644D84AB84A}
	EndGlobalSection
EndGlobal
